github.com/netstar-labs/idna v0.1.0 h1:e+WA43hqjPL/mja2jrHCo1Aw0aoHdW+iCXrsI1XGB1A=
github.com/netstar-labs/idna v0.1.0/go.mod h1:vn18Qyy5mcg5WGyBm4uErRahyt4p6m4QJqUfNQzfjKw=
github.com/netstar-labs/idna v0.1.1 h1:e4SpfVfXgugZpkOrpcjlVqinfT92F9DIcFCXyEjHchg=
github.com/netstar-labs/idna v0.1.1/go.mod h1:vn18Qyy5mcg5WGyBm4uErRahyt4p6m4QJqUfNQzfjKw=
